
Microsoft Visual Studio Solution File, Format Version 12.00
# Visual Studio Version 17
VisualStudioVersion = 17.8.34408.163
MinimumVisualStudioVersion = 10.0.40219.1
Project("{9A19103F-16F7-4668-BE54-9A1E7A4F7556}") = "Domain", "Domain\Domain.csproj", "{0F5A88B6-0E1F-4710-A20A-554965DDEEC8}"
EndProject
Project("{9A19103F-16F7-4668-BE54-9A1E7A4F7556}") = "Application", "Application\Application.csproj", "{1893AE9C-5C99-4F0D-9FB7-73ED16DF29C4}"
EndProject
Project("{9A19103F-16F7-4668-BE54-9A1E7A4F7556}") = "Infrastructure", "Infrastructure\Infrastructure.csproj", "{CA33E46B-89B8-42AC-B2E7-0A4D028B0F11}"
EndProject
Project("{9A19103F-16F7-4668-BE54-9A1E7A4F7556}") = "Presentation", "Presentation\Presentation.csproj", "{AA2F7D7B-1247-4A07-89B3-773139053E3C}"
EndProject
Project("{FAE04EC0-301F-11D3-BF4B-00C04F79EFBC}") = "WebApi", "WebApi\WebApi.csproj", "{A78A0D38-709F-43B0-9F99-18AF82457A90}"
EndProject
Global
	GlobalSection(SolutionConfigurationPlatforms) = preSolution
		Debug|Any CPU = Debug|Any CPU
		Release|Any CPU = Release|Any CPU
	EndGlobalSection
	GlobalSection(ProjectConfigurationPlatforms) = postSolution
		{0F5A88B6-0E1F-4710-A20A-554965DDEEC8}.Debug|Any CPU.ActiveCfg = Debug|Any CPU
		{0F5A88B6-0E1F-4710-A20A-554965DDEEC8}.Debug|Any CPU.Build.0 = Debug|Any CPU
		{0F5A88B6-0E1F-4710-A20A-554965DDEEC8}.Release|Any CPU.ActiveCfg = Release|Any CPU
		{0F5A88B6-0E1F-4710-A20A-554965DDEEC8}.Release|Any CPU.Build.0 = Release|Any CPU
		{1893AE9C-5C99-4F0D-9FB7-73ED16DF29C4}.Debug|Any CPU.ActiveCfg = Debug|Any CPU
		{1893AE9C-5C99-4F0D-9FB7-73ED16DF29C4}.Debug|Any CPU.Build.0 = Debug|Any CPU
		{1893AE9C-5C99-4F0D-9FB7-73ED16DF29C4}.Release|Any CPU.ActiveCfg = Release|Any CPU
		{1893AE9C-5C99-4F0D-9FB7-73ED16DF29C4}.Release|Any CPU.Build.0 = Release|Any CPU
		{CA33E46B-89B8-42AC-B2E7-0A4D028B0F11}.Debug|Any CPU.ActiveCfg = Debug|Any CPU
		{CA33E46B-89B8-42AC-B2E7-0A4D028B0F11}.Debug|Any CPU.Build.0 = Debug|Any CPU
		{CA33E46B-89B8-42AC-B2E7-0A4D028B0F11}.Release|Any CPU.ActiveCfg = Release|Any CPU
		{CA33E46B-89B8-42AC-B2E7-0A4D028B0F11}.Release|Any CPU.Build.0 = Release|Any CPU
		{AA2F7D7B-1247-4A07-89B3-773139053E3C}.Debug|Any CPU.ActiveCfg = Debug|Any CPU
		{AA2F7D7B-1247-4A07-89B3-773139053E3C}.Debug|Any CPU.Build.0 = Debug|Any CPU
		{AA2F7D7B-1247-4A07-89B3-773139053E3C}.Release|Any CPU.ActiveCfg = Release|Any CPU
		{AA2F7D7B-1247-4A07-89B3-773139053E3C}.Release|Any CPU.Build.0 = Release|Any CPU
		{A78A0D38-709F-43B0-9F99-18AF82457A90}.Debug|Any CPU.ActiveCfg = Debug|Any CPU
		{A78A0D38-709F-43B0-9F99-18AF82457A90}.Debug|Any CPU.Build.0 = Debug|Any CPU
		{A78A0D38-709F-43B0-9F99-18AF82457A90}.Release|Any CPU.ActiveCfg = Release|Any CPU
		{A78A0D38-709F-43B0-9F99-18AF82457A90}.Release|Any CPU.Build.0 = Release|Any CPU
	EndGlobalSection
	GlobalSection(SolutionProperties) = preSolution
		HideSolutionNode = FALSE
	EndGlobalSection
	GlobalSection(ExtensibilityGlobals) = postSolution
		SolutionGuid = {0F35C196-3A00-4979-993A-899C7501A5E0}
	EndGlobalSection
EndGlobal
